
Microsoft Visual Studio Solution File, Format Version 12.00
# Visual Studio Version 16
VisualStudioVersion = 16.0.32428.217
MinimumVisualStudioVersion = 10.0.40219.1
Project("{FAE04EC0-301F-11D3-BF4B-00C04F79EFBC}") = "RSA_Signature_RemakeV1", "RSA_Signature_RemakeV1\RSA_Signature_RemakeV1.csproj", "{60F7AF8A-5130-4592-AC07-D2B32117650A}"
EndProject
Global
	GlobalSection(SolutionConfigurationPlatforms) = preSolution
		Debug|Any CPU = Debug|Any CPU
		Release|Any CPU = Release|Any CPU
	EndGlobalSection
	GlobalSection(ProjectConfigurationPlatforms) = postSolution
		{60F7AF8A-5130-4592-AC07-D2B32117650A}.Debug|Any CPU.ActiveCfg = Debug|Any CPU
		{60F7AF8A-5130-4592-AC07-D2B32117650A}.Debug|Any CPU.Build.0 = Debug|Any CPU
		{60F7AF8A-5130-4592-AC07-D2B32117650A}.Release|Any CPU.ActiveCfg = Release|Any CPU
		{60F7AF8A-5130-4592-AC07-D2B32117650A}.Release|Any CPU.Build.0 = Release|Any CPU
	EndGlobalSection
	GlobalSection(SolutionProperties) = preSolution
		HideSolutionNode = FALSE
	EndGlobalSection
	GlobalSection(ExtensibilityGlobals) = postSolution
		SolutionGuid = {B4ED1020-AE7C-4309-AFA3-39CFA1DD81FB}
	EndGlobalSection
EndGlobal
